
Microsoft Visual Studio Solution File, Format Version 12.00
# Visual Studio Version 16
VisualStudioVersion = 16.0.29215.179
MinimumVisualStudioVersion = 10.0.40219.1
Project("{FAE04EC0-301F-11D3-BF4B-00C04F79EFBC}") = "Symulator IAS", "Symulator IAS\Symulator IAS.csproj", "{BE362EE3-75B3-49AF-A98E-F34B7A6F2C7C}"
EndProject
Project("{FAE04EC0-301F-11D3-BF4B-00C04F79EFBC}") = "IAS", "IAS\IAS.csproj", "{BC832DD6-AFC3-4ED5-8F38-5D3D93D662C6}"
EndProject
Global
	GlobalSection(SolutionConfigurationPlatforms) = preSolution
		Debug|Any CPU = Debug|Any CPU
		Release|Any CPU = Release|Any CPU
	EndGlobalSection
	GlobalSection(ProjectConfigurationPlatforms) = postSolution
		{BE362EE3-75B3-49AF-A98E-F34B7A6F2C7C}.Debug|Any CPU.ActiveCfg = Debug|Any CPU
		{BE362EE3-75B3-49AF-A98E-F34B7A6F2C7C}.Debug|Any CPU.Build.0 = Debug|Any CPU
		{BE362EE3-75B3-49AF-A98E-F34B7A6F2C7C}.Release|Any CPU.ActiveCfg = Release|Any CPU
		{BE362EE3-75B3-49AF-A98E-F34B7A6F2C7C}.Release|Any CPU.Build.0 = Release|Any CPU
		{BC832DD6-AFC3-4ED5-8F38-5D3D93D662C6}.Debug|Any CPU.ActiveCfg = Debug|Any CPU
		{BC832DD6-AFC3-4ED5-8F38-5D3D93D662C6}.Debug|Any CPU.Build.0 = Debug|Any CPU
		{BC832DD6-AFC3-4ED5-8F38-5D3D93D662C6}.Release|Any CPU.ActiveCfg = Release|Any CPU
		{BC832DD6-AFC3-4ED5-8F38-5D3D93D662C6}.Release|Any CPU.Build.0 = Release|Any CPU
	EndGlobalSection
	GlobalSection(SolutionProperties) = preSolution
		HideSolutionNode = FALSE
	EndGlobalSection
	GlobalSection(ExtensibilityGlobals) = postSolution
		SolutionGuid = {2ADD772D-CE01-4AF8-A851-EC1B2CF436BF}
	EndGlobalSection
EndGlobal
